
Microsoft Visual Studio Solution File, Format Version 12.00
# Visual Studio 15
VisualStudioVersion = 15.0.26124.0
MinimumVisualStudioVersion = 15.0.26124.0
Project("{9A19103F-16F7-4668-BE54-9A1E7A4F7556}") = "Pyx.Api", "Api\Pyx.Api.csproj", "{E1F540E6-A215-4A1F-84EA-69CC58CDF886}"
EndProject
Project("{9A19103F-16F7-4668-BE54-9A1E7A4F7556}") = "Pyx.Data", "Pyx.Data\Pyx.Data.csproj", "{09140CC7-DAC4-42CF-9DFC-E63ABCF52D38}"
EndProject
Project("{9A19103F-16F7-4668-BE54-9A1E7A4F7556}") = "Pyx.Web", "Pyx.Web\Pyx.Web.csproj", "{B228EBD2-D871-4A3D-A357-62FB941AFAEB}"
EndProject
Project("{9A19103F-16F7-4668-BE54-9A1E7A4F7556}") = "Pyx.Client", "Pyx.Client\Pyx.Client.csproj", "{BCFBB1DF-A900-4EBA-BDAE-EE708B285FF5}"
EndProject
Project("{9A19103F-16F7-4668-BE54-9A1E7A4F7556}") = "Pyx.Shared", "Pyx.Shared\Pyx.Shared.csproj", "{DC0EDA3A-8125-4961-87D5-C5C28C2928C3}"
EndProject
Project("{FAE04EC0-301F-11D3-BF4B-00C04F79EFBC}") = "Pyx.Uwp.App", "Pyx.Uwp.App\Pyx.Uwp.App.csproj", "{EEF8176F-6F2D-4B0A-AA10-916524DA7CC7}"
EndProject
Global
	GlobalSection(SolutionConfigurationPlatforms) = preSolution
		Debug|Any CPU = Debug|Any CPU
		Debug|ARM = Debug|ARM
		Debug|x64 = Debug|x64
		Debug|x86 = Debug|x86
		Release|Any CPU = Release|Any CPU
		Release|ARM = Release|ARM
		Release|x64 = Release|x64
		Release|x86 = Release|x86
	EndGlobalSection
	GlobalSection(ProjectConfigurationPlatforms) = postSolution
		{E1F540E6-A215-4A1F-84EA-69CC58CDF886}.Debug|Any CPU.ActiveCfg = Debug|Any CPU
		{E1F540E6-A215-4A1F-84EA-69CC58CDF886}.Debug|Any CPU.Build.0 = Debug|Any CPU
		{E1F540E6-A215-4A1F-84EA-69CC58CDF886}.Debug|ARM.ActiveCfg = Debug|Any CPU
		{E1F540E6-A215-4A1F-84EA-69CC58CDF886}.Debug|ARM.Build.0 = Debug|Any CPU
		{E1F540E6-A215-4A1F-84EA-69CC58CDF886}.Debug|x64.ActiveCfg = Debug|Any CPU
		{E1F540E6-A215-4A1F-84EA-69CC58CDF886}.Debug|x64.Build.0 = Debug|Any CPU
		{E1F540E6-A215-4A1F-84EA-69CC58CDF886}.Debug|x86.ActiveCfg = Debug|Any CPU
		{E1F540E6-A215-4A1F-84EA-69CC58CDF886}.Debug|x86.Build.0 = Debug|Any CPU
		{E1F540E6-A215-4A1F-84EA-69CC58CDF886}.Release|Any CPU.ActiveCfg = Release|Any CPU
		{E1F540E6-A215-4A1F-84EA-69CC58CDF886}.Release|Any CPU.Build.0 = Release|Any CPU
		{E1F540E6-A215-4A1F-84EA-69CC58CDF886}.Release|ARM.ActiveCfg = Release|Any CPU
		{E1F540E6-A215-4A1F-84EA-69CC58CDF886}.Release|ARM.Build.0 = Release|Any CPU
		{E1F540E6-A215-4A1F-84EA-69CC58CDF886}.Release|x64.ActiveCfg = Release|Any CPU
		{E1F540E6-A215-4A1F-84EA-69CC58CDF886}.Release|x64.Build.0 = Release|Any CPU
		{E1F540E6-A215-4A1F-84EA-69CC58CDF886}.Release|x86.ActiveCfg = Release|Any CPU
		{E1F540E6-A215-4A1F-84EA-69CC58CDF886}.Release|x86.Build.0 = Release|Any CPU
		{09140CC7-DAC4-42CF-9DFC-E63ABCF52D38}.Debug|Any CPU.ActiveCfg = Debug|Any CPU
		{09140CC7-DAC4-42CF-9DFC-E63ABCF52D38}.Debug|Any CPU.Build.0 = Debug|Any CPU
		{09140CC7-DAC4-42CF-9DFC-E63ABCF52D38}.Debug|ARM.ActiveCfg = Debug|Any CPU
		{09140CC7-DAC4-42CF-9DFC-E63ABCF52D38}.Debug|ARM.Build.0 = Debug|Any CPU
		{09140CC7-DAC4-42CF-9DFC-E63ABCF52D38}.Debug|x64.ActiveCfg = Debug|Any CPU
		{09140CC7-DAC4-42CF-9DFC-E63ABCF52D38}.Debug|x64.Build.0 = Debug|Any CPU
		{09140CC7-DAC4-42CF-9DFC-E63ABCF52D38}.Debug|x86.ActiveCfg = Debug|Any CPU
		{09140CC7-DAC4-42CF-9DFC-E63ABCF52D38}.Debug|x86.Build.0 = Debug|Any CPU
		{09140CC7-DAC4-42CF-9DFC-E63ABCF52D38}.Release|Any CPU.ActiveCfg = Release|Any CPU
		{09140CC7-DAC4-42CF-9DFC-E63ABCF52D38}.Release|Any CPU.Build.0 = Release|Any CPU
		{09140CC7-DAC4-42CF-9DFC-E63ABCF52D38}.Release|ARM.ActiveCfg = Release|Any CPU
		{09140CC7-DAC4-42CF-9DFC-E63ABCF52D38}.Release|ARM.Build.0 = Release|Any CPU
		{09140CC7-DAC4-42CF-9DFC-E63ABCF52D38}.Release|x64.ActiveCfg = Release|Any CPU
		{09140CC7-DAC4-42CF-9DFC-E63ABCF52D38}.Release|x64.Build.0 = Release|Any CPU
		{09140CC7-DAC4-42CF-9DFC-E63ABCF52D38}.Release|x86.ActiveCfg = Release|Any CPU
		{09140CC7-DAC4-42CF-9DFC-E63ABCF52D38}.Release|x86.Build.0 = Release|Any CPU
		{B228EBD2-D871-4A3D-A357-62FB941AFAEB}.Debug|Any CPU.ActiveCfg = Debug|Any CPU
		{B228EBD2-D871-4A3D-A357-62FB941AFAEB}.Debug|Any CPU.Build.0 = Debug|Any CPU
		{B228EBD2-D871-4A3D-A357-62FB941AFAEB}.Debug|ARM.ActiveCfg = Debug|Any CPU
		{B228EBD2-D871-4A3D-A357-62FB941AFAEB}.Debug|ARM.Build.0 = Debug|Any CPU
		{B228EBD2-D871-4A3D-A357-62FB941AFAEB}.Debug|x64.ActiveCfg = Debug|Any CPU
		{B228EBD2-D871-4A3D-A357-62FB941AFAEB}.Debug|x64.Build.0 = Debug|Any CPU
		{B228EBD2-D871-4A3D-A357-62FB941AFAEB}.Debug|x86.ActiveCfg = Debug|Any CPU
		{B228EBD2-D871-4A3D-A357-62FB941AFAEB}.Debug|x86.Build.0 = Debug|Any CPU
		{B228EBD2-D871-4A3D-A357-62FB941AFAEB}.Release|Any CPU.ActiveCfg = Release|Any CPU
		{B228EBD2-D871-4A3D-A357-62FB941AFAEB}.Release|Any CPU.Build.0 = Release|Any CPU
		{B228EBD2-D871-4A3D-A357-62FB941AFAEB}.Release|ARM.ActiveCfg = Release|Any CPU
		{B228EBD2-D871-4A3D-A357-62FB941AFAEB}.Release|ARM.Build.0 = Release|Any CPU
		{B228EBD2-D871-4A3D-A357-62FB941AFAEB}.Release|x64.ActiveCfg = Release|Any CPU
		{B228EBD2-D871-4A3D-A357-62FB941AFAEB}.Release|x64.Build.0 = Release|Any CPU
		{B228EBD2-D871-4A3D-A357-62FB941AFAEB}.Release|x86.ActiveCfg = Release|Any CPU
		{B228EBD2-D871-4A3D-A357-62FB941AFAEB}.Release|x86.Build.0 = Release|Any CPU
		{BCFBB1DF-A900-4EBA-BDAE-EE708B285FF5}.Debug|Any CPU.ActiveCfg = Debug|Any CPU
		{BCFBB1DF-A900-4EBA-BDAE-EE708B285FF5}.Debug|Any CPU.Build.0 = Debug|Any CPU
		{BCFBB1DF-A900-4EBA-BDAE-EE708B285FF5}.Debug|ARM.ActiveCfg = Debug|Any CPU
		{BCFBB1DF-A900-4EBA-BDAE-EE708B285FF5}.Debug|ARM.Build.0 = Debug|Any CPU
		{BCFBB1DF-A900-4EBA-BDAE-EE708B285FF5}.Debug|x64.ActiveCfg = Debug|Any CPU
		{BCFBB1DF-A900-4EBA-BDAE-EE708B285FF5}.Debug|x64.Build.0 = Debug|Any CPU
		{BCFBB1DF-A900-4EBA-BDAE-EE708B285FF5}.Debug|x86.ActiveCfg = Debug|Any CPU
		{BCFBB1DF-A900-4EBA-BDAE-EE708B285FF5}.Debug|x86.Build.0 = Debug|Any CPU
		{BCFBB1DF-A900-4EBA-BDAE-EE708B285FF5}.Release|Any CPU.ActiveCfg = Release|Any CPU
		{BCFBB1DF-A900-4EBA-BDAE-EE708B285FF5}.Release|Any CPU.Build.0 = Release|Any CPU
		{BCFBB1DF-A900-4EBA-BDAE-EE708B285FF5}.Release|ARM.ActiveCfg = Release|Any CPU
		{BCFBB1DF-A900-4EBA-BDAE-EE708B285FF5}.Release|ARM.Build.0 = Release|Any CPU
		{BCFBB1DF-A900-4EBA-BDAE-EE708B285FF5}.Release|x64.ActiveCfg = Release|Any CPU
		{BCFBB1DF-A900-4EBA-BDAE-EE708B285FF5}.Release|x64.Build.0 = Release|Any CPU
		{BCFBB1DF-A900-4EBA-BDAE-EE708B285FF5}.Release|x86.ActiveCfg = Release|Any CPU
		{BCFBB1DF-A900-4EBA-BDAE-EE708B285FF5}.Release|x86.Build.0 = Release|Any CPU
		{DC0EDA3A-8125-4961-87D5-C5C28C2928C3}.Debug|Any CPU.ActiveCfg = Debug|Any CPU
		{DC0EDA3A-8125-4961-87D5-C5C28C2928C3}.Debug|Any CPU.Build.0 = Debug|Any CPU
		{DC0EDA3A-8125-4961-87D5-C5C28C2928C3}.Debug|ARM.ActiveCfg = Debug|Any CPU
		{DC0EDA3A-8125-4961-87D5-C5C28C2928C3}.Debug|ARM.Build.0 = Debug|Any CPU
		{DC0EDA3A-8125-4961-87D5-C5C28C2928C3}.Debug|x64.ActiveCfg = Debug|Any CPU
		{DC0EDA3A-8125-4961-87D5-C5C28C2928C3}.Debug|x64.Build.0 = Debug|Any CPU
		{DC0EDA3A-8125-4961-87D5-C5C28C2928C3}.Debug|x86.ActiveCfg = Debug|Any CPU
		{DC0EDA3A-8125-4961-87D5-C5C28C2928C3}.Debug|x86.Build.0 = Debug|Any CPU
		{DC0EDA3A-8125-4961-87D5-C5C28C2928C3}.Release|Any CPU.ActiveCfg = Release|Any CPU
		{DC0EDA3A-8125-4961-87D5-C5C28C2928C3}.Release|Any CPU.Build.0 = Release|Any CPU
		{DC0EDA3A-8125-4961-87D5-C5C28C2928C3}.Release|ARM.ActiveCfg = Release|Any CPU
		{DC0EDA3A-8125-4961-87D5-C5C28C2928C3}.Release|ARM.Build.0 = Release|Any CPU
		{DC0EDA3A-8125-4961-87D5-C5C28C2928C3}.Release|x64.ActiveCfg = Release|Any CPU
		{DC0EDA3A-8125-4961-87D5-C5C28C2928C3}.Release|x64.Build.0 = Release|Any CPU
		{DC0EDA3A-8125-4961-87D5-C5C28C2928C3}.Release|x86.ActiveCfg = Release|Any CPU
		{DC0EDA3A-8125-4961-87D5-C5C28C2928C3}.Release|x86.Build.0 = Release|Any CPU
		{EEF8176F-6F2D-4B0A-AA10-916524DA7CC7}.Debug|Any CPU.ActiveCfg = Debug|x86
		{EEF8176F-6F2D-4B0A-AA10-916524DA7CC7}.Debug|ARM.ActiveCfg = Debug|ARM
		{EEF8176F-6F2D-4B0A-AA10-916524DA7CC7}.Debug|ARM.Build.0 = Debug|ARM
		{EEF8176F-6F2D-4B0A-AA10-916524DA7CC7}.Debug|ARM.Deploy.0 = Debug|ARM
		{EEF8176F-6F2D-4B0A-AA10-916524DA7CC7}.Debug|x64.ActiveCfg = Debug|x64
		{EEF8176F-6F2D-4B0A-AA10-916524DA7CC7}.Debug|x64.Build.0 = Debug|x64
		{EEF8176F-6F2D-4B0A-AA10-916524DA7CC7}.Debug|x64.Deploy.0 = Debug|x64
		{EEF8176F-6F2D-4B0A-AA10-916524DA7CC7}.Debug|x86.ActiveCfg = Debug|x86
		{EEF8176F-6F2D-4B0A-AA10-916524DA7CC7}.Debug|x86.Build.0 = Debug|x86
		{EEF8176F-6F2D-4B0A-AA10-916524DA7CC7}.Debug|x86.Deploy.0 = Debug|x86
		{EEF8176F-6F2D-4B0A-AA10-916524DA7CC7}.Release|Any CPU.ActiveCfg = Release|x86
		{EEF8176F-6F2D-4B0A-AA10-916524DA7CC7}.Release|ARM.ActiveCfg = Release|ARM
		{EEF8176F-6F2D-4B0A-AA10-916524DA7CC7}.Release|ARM.Build.0 = Release|ARM
		{EEF8176F-6F2D-4B0A-AA10-916524DA7CC7}.Release|ARM.Deploy.0 = Release|ARM
		{EEF8176F-6F2D-4B0A-AA10-916524DA7CC7}.Release|x64.ActiveCfg = Release|x64
		{EEF8176F-6F2D-4B0A-AA10-916524DA7CC7}.Release|x64.Build.0 = Release|x64
		{EEF8176F-6F2D-4B0A-AA10-916524DA7CC7}.Release|x64.Deploy.0 = Release|x64
		{EEF8176F-6F2D-4B0A-AA10-916524DA7CC7}.Release|x86.ActiveCfg = Release|x86
		{EEF8176F-6F2D-4B0A-AA10-916524DA7CC7}.Release|x86.Build.0 = Release|x86
		{EEF8176F-6F2D-4B0A-AA10-916524DA7CC7}.Release|x86.Deploy.0 = Release|x86
	EndGlobalSection
	GlobalSection(SolutionProperties) = preSolution
		HideSolutionNode = FALSE
	EndGlobalSection
	GlobalSection(ExtensibilityGlobals) = postSolution
		SolutionGuid = {962184ED-EA8B-47DE-A1F4-0A7C32F9BA6A}
	EndGlobalSection
EndGlobal
